# This file is automatically @generated by Cargo.
# It is not intended for manual editing.
version = 3

[[package]]
name = "proc-macro2"
version = "1.0.93"
source = "registry+https://github.com/rust-lang/crates.io-index"
checksum = "60946a68e5f9d28b0dc1c21bb8a97ee7d018a8b322fa57838ba31cc878e22d99"
dependencies = [
 "unicode-ident",
]

[[package]]
name = "quote"
version = "1.0.38"
source = "registry+https://github.com/rust-lang/crates.io-index"
checksum = "0e4dccaaaf89514f546c693ddc140f729f958c247918a13380cccc6078391acc"
dependencies = [
 "proc-macro2",
]

[[package]]
name = "radiosity"
version = "0.1.0"

[[package]]
name = "syn"
version = "2.0.96"
source = "registry+https://github.com/rust-lang/crates.io-index"
checksum = "d5d0adab1ae378d7f53bdebc67a39f1f151407ef230f0ce2883572f5d8985c80"
dependencies = [
 "proc-macro2",
 "quote",
 "unicode-ident",
]

[[package]]
name = "unicode-ident"
version = "1.0.14"
source = "registry+https://github.com/rust-lang/crates.io-index"
checksum = "adb9e6ca4f869e1180728b7950e35922a7fc6397f7b641499e8f3ef06e50dc83"

[[package]]
name = "vbsp"
version = "0.1.0"
dependencies = [
 "zerocopy",
 "zerocopy-derive",
]

[[package]]
name = "zerocopy"
version = "0.9.0-alpha.0"
source = "registry+https://github.com/rust-lang/crates.io-index"
checksum = "3c9c378180b968f2e98efa0c4bba8c49fd4cd247dc82a7f01e72dc137d447d8c"
dependencies = [
 "zerocopy-derive",
]

[[package]]
name = "zerocopy-derive"
version = "0.9.0-alpha.0"
source = "registry+https://github.com/rust-lang/crates.io-index"
checksum = "36811c5ea90dd441f941919fc99163e702f150a8e1495d72a268106a0100df09"
dependencies = [
 "proc-macro2",
 "quote",
 "syn",
]
