# This file is automatically @generated by Cargo.
# It is not intended for manual editing.
version = 4

[[package]]
name = "bsp"
version = "0.1.0"
source = "git+https://github.com/sickle-toolchain/bsp#63ee4e384cf26d398f25fcbcd04a296b61f9545f"
dependencies = [
 "zerocopy",
 "zerocopy-derive",
]

[[package]]
name = "lump-definitions"
version = "0.1.0"
source = "git+https://github.com/sickle-toolchain/lump-definitions#eaef13f3542862f123ababa8160bd5da308d78ab"
dependencies = [
 "zerocopy",
 "zerocopy-derive",
]

[[package]]
name = "proc-macro2"
version = "1.0.93"
source = "registry+https://github.com/rust-lang/crates.io-index"
checksum = "60946a68e5f9d28b0dc1c21bb8a97ee7d018a8b322fa57838ba31cc878e22d99"
dependencies = [
 "unicode-ident",
]

[[package]]
name = "quote"
version = "1.0.38"
source = "registry+https://github.com/rust-lang/crates.io-index"
checksum = "0e4dccaaaf89514f546c693ddc140f729f958c247918a13380cccc6078391acc"
dependencies = [
 "proc-macro2",
]

[[package]]
name = "radiosity"
version = "0.1.0"
dependencies = [
 "bsp",
 "lump-definitions",
]

[[package]]
name = "syn"
version = "2.0.96"
source = "registry+https://github.com/rust-lang/crates.io-index"
checksum = "d5d0adab1ae378d7f53bdebc67a39f1f151407ef230f0ce2883572f5d8985c80"
dependencies = [
 "proc-macro2",
 "quote",
 "unicode-ident",
]

[[package]]
name = "unicode-ident"
version = "1.0.14"
source = "registry+https://github.com/rust-lang/crates.io-index"
checksum = "adb9e6ca4f869e1180728b7950e35922a7fc6397f7b641499e8f3ef06e50dc83"

[[package]]
name = "zerocopy"
version = "0.8.17"
source = "registry+https://github.com/rust-lang/crates.io-index"
checksum = "aa91407dacce3a68c56de03abe2760159582b846c6a4acd2f456618087f12713"
dependencies = [
 "zerocopy-derive",
]

[[package]]
name = "zerocopy-derive"
version = "0.8.17"
source = "registry+https://github.com/rust-lang/crates.io-index"
checksum = "06718a168365cad3d5ff0bb133aad346959a2074bd4a85c121255a11304a8626"
dependencies = [
 "proc-macro2",
 "quote",
 "syn",
]
